
Microsoft Visual Studio Solution File, Format Version 12.00
# Visual Studio 14
VisualStudioVersion = 14.0.23107.0
MinimumVisualStudioVersion = 10.0.40219.1
Project("{FAE04EC0-301F-11D3-BF4B-00C04F79EFBC}") = "Mbc5", "Mbc5\Mbc5.csproj", "{68CC54B3-1A90-4DE3-9397-9ED85AAC500D}"
EndProject
Project("{FAE04EC0-301F-11D3-BF4B-00C04F79EFBC}") = "BaseClass", "BaseClass\BaseClass.csproj", "{D872B75B-B77F-41C3-BD82-84C88690BC82}"
EndProject
Project("{FAE04EC0-301F-11D3-BF4B-00C04F79EFBC}") = "BindingModels", "BindingModels\BindingModels.csproj", "{5F448496-325E-429A-AE98-18AA1015AD80}"
EndProject
Global
	GlobalSection(SolutionConfigurationPlatforms) = preSolution
		Debug|Any CPU = Debug|Any CPU
		Release|Any CPU = Release|Any CPU
	EndGlobalSection
	GlobalSection(ProjectConfigurationPlatforms) = postSolution
		{68CC54B3-1A90-4DE3-9397-9ED85AAC500D}.Debug|Any CPU.ActiveCfg = Debug|Any CPU
		{68CC54B3-1A90-4DE3-9397-9ED85AAC500D}.Debug|Any CPU.Build.0 = Debug|Any CPU
		{68CC54B3-1A90-4DE3-9397-9ED85AAC500D}.Release|Any CPU.ActiveCfg = Release|Any CPU
		{68CC54B3-1A90-4DE3-9397-9ED85AAC500D}.Release|Any CPU.Build.0 = Release|Any CPU
		{D872B75B-B77F-41C3-BD82-84C88690BC82}.Debug|Any CPU.ActiveCfg = Debug|Any CPU
		{D872B75B-B77F-41C3-BD82-84C88690BC82}.Debug|Any CPU.Build.0 = Debug|Any CPU
		{D872B75B-B77F-41C3-BD82-84C88690BC82}.Release|Any CPU.ActiveCfg = Release|Any CPU
		{D872B75B-B77F-41C3-BD82-84C88690BC82}.Release|Any CPU.Build.0 = Release|Any CPU
		{5F448496-325E-429A-AE98-18AA1015AD80}.Debug|Any CPU.ActiveCfg = Debug|Any CPU
		{5F448496-325E-429A-AE98-18AA1015AD80}.Debug|Any CPU.Build.0 = Debug|Any CPU
		{5F448496-325E-429A-AE98-18AA1015AD80}.Release|Any CPU.ActiveCfg = Release|Any CPU
		{5F448496-325E-429A-AE98-18AA1015AD80}.Release|Any CPU.Build.0 = Release|Any CPU
	EndGlobalSection
	GlobalSection(SolutionProperties) = preSolution
		HideSolutionNode = FALSE
	EndGlobalSection
EndGlobal
