
Microsoft Visual Studio Solution File, Format Version 12.00
# Visual Studio 15
VisualStudioVersion = 15.0.28307.757
MinimumVisualStudioVersion = 10.0.40219.1
Project("{FAE04EC0-301F-11D3-BF4B-00C04F79EFBC}") = "Mbc5", "Mbc5\Mbc5.csproj", "{68CC54B3-1A90-4DE3-9397-9ED85AAC500D}"
EndProject
Project("{FAE04EC0-301F-11D3-BF4B-00C04F79EFBC}") = "BaseClass", "BaseClass\BaseClass.csproj", "{D872B75B-B77F-41C3-BD82-84C88690BC82}"
EndProject
Project("{FAE04EC0-301F-11D3-BF4B-00C04F79EFBC}") = "RESTModule", "RESTModule\RESTModule.csproj", "{5F71FEA4-8BE9-4248-B6A4-D950FDEECC6E}"
EndProject
Project("{FAE04EC0-301F-11D3-BF4B-00C04F79EFBC}") = "CustomControls", "CustomControls\CustomControls.csproj", "{2B109E66-7DCC-4106-8EF8-59339AE08E97}"
EndProject
Project("{FAE04EC0-301F-11D3-BF4B-00C04F79EFBC}") = "Core", "Core\Core.csproj", "{00EBB3EE-E679-45CF-82F9-A61F3FA26B4B}"
EndProject
Project("{FAE04EC0-301F-11D3-BF4B-00C04F79EFBC}") = "BindingModels", "BindingModels\BindingModels.csproj", "{5F448496-325E-429A-AE98-18AA1015AD80}"
EndProject
Project("{FAE04EC0-301F-11D3-BF4B-00C04F79EFBC}") = "StartUpApp", "StartUpApp\StartUpApp.csproj", "{8D4B8F3D-EA61-4461-B54B-4397714FC613}"
EndProject
Project("{54435603-DBB4-11D2-8724-00A0C9A8B90C}") = "Setup", "Setup\Setup.vdproj", "{C3D66C6E-D80E-4112-96D0-D6F7CC5F00FD}"
EndProject
Global
	GlobalSection(SolutionConfigurationPlatforms) = preSolution
		Debug|Any CPU = Debug|Any CPU
		Dev|Any CPU = Dev|Any CPU
		Release|Any CPU = Release|Any CPU
		Staging|Any CPU = Staging|Any CPU
	EndGlobalSection
	GlobalSection(ProjectConfigurationPlatforms) = postSolution
		{68CC54B3-1A90-4DE3-9397-9ED85AAC500D}.Debug|Any CPU.ActiveCfg = Debug|Any CPU
		{68CC54B3-1A90-4DE3-9397-9ED85AAC500D}.Debug|Any CPU.Build.0 = Debug|Any CPU
		{68CC54B3-1A90-4DE3-9397-9ED85AAC500D}.Dev|Any CPU.ActiveCfg = Debug|Any CPU
		{68CC54B3-1A90-4DE3-9397-9ED85AAC500D}.Dev|Any CPU.Build.0 = Debug|Any CPU
		{68CC54B3-1A90-4DE3-9397-9ED85AAC500D}.Release|Any CPU.ActiveCfg = Release|Any CPU
		{68CC54B3-1A90-4DE3-9397-9ED85AAC500D}.Release|Any CPU.Build.0 = Release|Any CPU
		{68CC54B3-1A90-4DE3-9397-9ED85AAC500D}.Staging|Any CPU.ActiveCfg = Release|Any CPU
		{68CC54B3-1A90-4DE3-9397-9ED85AAC500D}.Staging|Any CPU.Build.0 = Release|Any CPU
		{D872B75B-B77F-41C3-BD82-84C88690BC82}.Debug|Any CPU.ActiveCfg = Debug|Any CPU
		{D872B75B-B77F-41C3-BD82-84C88690BC82}.Debug|Any CPU.Build.0 = Debug|Any CPU
		{D872B75B-B77F-41C3-BD82-84C88690BC82}.Dev|Any CPU.ActiveCfg = Debug|Any CPU
		{D872B75B-B77F-41C3-BD82-84C88690BC82}.Dev|Any CPU.Build.0 = Debug|Any CPU
		{D872B75B-B77F-41C3-BD82-84C88690BC82}.Release|Any CPU.ActiveCfg = Debug|Any CPU
		{D872B75B-B77F-41C3-BD82-84C88690BC82}.Release|Any CPU.Build.0 = Debug|Any CPU
		{D872B75B-B77F-41C3-BD82-84C88690BC82}.Staging|Any CPU.ActiveCfg = Release|Any CPU
		{D872B75B-B77F-41C3-BD82-84C88690BC82}.Staging|Any CPU.Build.0 = Release|Any CPU
		{5F71FEA4-8BE9-4248-B6A4-D950FDEECC6E}.Debug|Any CPU.ActiveCfg = Debug|Any CPU
		{5F71FEA4-8BE9-4248-B6A4-D950FDEECC6E}.Debug|Any CPU.Build.0 = Debug|Any CPU
		{5F71FEA4-8BE9-4248-B6A4-D950FDEECC6E}.Dev|Any CPU.ActiveCfg = Dev|Any CPU
		{5F71FEA4-8BE9-4248-B6A4-D950FDEECC6E}.Dev|Any CPU.Build.0 = Dev|Any CPU
		{5F71FEA4-8BE9-4248-B6A4-D950FDEECC6E}.Release|Any CPU.ActiveCfg = Release|Any CPU
		{5F71FEA4-8BE9-4248-B6A4-D950FDEECC6E}.Release|Any CPU.Build.0 = Release|Any CPU
		{5F71FEA4-8BE9-4248-B6A4-D950FDEECC6E}.Staging|Any CPU.ActiveCfg = Staging|Any CPU
		{5F71FEA4-8BE9-4248-B6A4-D950FDEECC6E}.Staging|Any CPU.Build.0 = Staging|Any CPU
		{2B109E66-7DCC-4106-8EF8-59339AE08E97}.Debug|Any CPU.ActiveCfg = Debug|Any CPU
		{2B109E66-7DCC-4106-8EF8-59339AE08E97}.Debug|Any CPU.Build.0 = Debug|Any CPU
		{2B109E66-7DCC-4106-8EF8-59339AE08E97}.Dev|Any CPU.ActiveCfg = Debug|Any CPU
		{2B109E66-7DCC-4106-8EF8-59339AE08E97}.Dev|Any CPU.Build.0 = Debug|Any CPU
		{2B109E66-7DCC-4106-8EF8-59339AE08E97}.Release|Any CPU.ActiveCfg = Release|Any CPU
		{2B109E66-7DCC-4106-8EF8-59339AE08E97}.Release|Any CPU.Build.0 = Release|Any CPU
		{2B109E66-7DCC-4106-8EF8-59339AE08E97}.Staging|Any CPU.ActiveCfg = Release|Any CPU
		{2B109E66-7DCC-4106-8EF8-59339AE08E97}.Staging|Any CPU.Build.0 = Release|Any CPU
		{00EBB3EE-E679-45CF-82F9-A61F3FA26B4B}.Debug|Any CPU.ActiveCfg = Debug|Any CPU
		{00EBB3EE-E679-45CF-82F9-A61F3FA26B4B}.Debug|Any CPU.Build.0 = Debug|Any CPU
		{00EBB3EE-E679-45CF-82F9-A61F3FA26B4B}.Dev|Any CPU.ActiveCfg = Debug|Any CPU
		{00EBB3EE-E679-45CF-82F9-A61F3FA26B4B}.Dev|Any CPU.Build.0 = Debug|Any CPU
		{00EBB3EE-E679-45CF-82F9-A61F3FA26B4B}.Release|Any CPU.ActiveCfg = Release|Any CPU
		{00EBB3EE-E679-45CF-82F9-A61F3FA26B4B}.Release|Any CPU.Build.0 = Release|Any CPU
		{00EBB3EE-E679-45CF-82F9-A61F3FA26B4B}.Staging|Any CPU.ActiveCfg = Release|Any CPU
		{00EBB3EE-E679-45CF-82F9-A61F3FA26B4B}.Staging|Any CPU.Build.0 = Release|Any CPU
		{5F448496-325E-429A-AE98-18AA1015AD80}.Debug|Any CPU.ActiveCfg = Debug|Any CPU
		{5F448496-325E-429A-AE98-18AA1015AD80}.Debug|Any CPU.Build.0 = Debug|Any CPU
		{5F448496-325E-429A-AE98-18AA1015AD80}.Dev|Any CPU.ActiveCfg = Debug|Any CPU
		{5F448496-325E-429A-AE98-18AA1015AD80}.Dev|Any CPU.Build.0 = Debug|Any CPU
		{5F448496-325E-429A-AE98-18AA1015AD80}.Release|Any CPU.ActiveCfg = Release|Any CPU
		{5F448496-325E-429A-AE98-18AA1015AD80}.Release|Any CPU.Build.0 = Release|Any CPU
		{5F448496-325E-429A-AE98-18AA1015AD80}.Staging|Any CPU.ActiveCfg = Release|Any CPU
		{5F448496-325E-429A-AE98-18AA1015AD80}.Staging|Any CPU.Build.0 = Release|Any CPU
		{8D4B8F3D-EA61-4461-B54B-4397714FC613}.Debug|Any CPU.ActiveCfg = Debug|Any CPU
		{8D4B8F3D-EA61-4461-B54B-4397714FC613}.Debug|Any CPU.Build.0 = Debug|Any CPU
		{8D4B8F3D-EA61-4461-B54B-4397714FC613}.Dev|Any CPU.ActiveCfg = Debug|Any CPU
		{8D4B8F3D-EA61-4461-B54B-4397714FC613}.Dev|Any CPU.Build.0 = Debug|Any CPU
		{8D4B8F3D-EA61-4461-B54B-4397714FC613}.Release|Any CPU.ActiveCfg = Release|Any CPU
		{8D4B8F3D-EA61-4461-B54B-4397714FC613}.Release|Any CPU.Build.0 = Release|Any CPU
		{8D4B8F3D-EA61-4461-B54B-4397714FC613}.Staging|Any CPU.ActiveCfg = Release|Any CPU
		{8D4B8F3D-EA61-4461-B54B-4397714FC613}.Staging|Any CPU.Build.0 = Release|Any CPU
		{C3D66C6E-D80E-4112-96D0-D6F7CC5F00FD}.Debug|Any CPU.ActiveCfg = Debug
		{C3D66C6E-D80E-4112-96D0-D6F7CC5F00FD}.Debug|Any CPU.Build.0 = Debug
		{C3D66C6E-D80E-4112-96D0-D6F7CC5F00FD}.Dev|Any CPU.ActiveCfg = Debug
		{C3D66C6E-D80E-4112-96D0-D6F7CC5F00FD}.Dev|Any CPU.Build.0 = Debug
		{C3D66C6E-D80E-4112-96D0-D6F7CC5F00FD}.Release|Any CPU.ActiveCfg = Release
		{C3D66C6E-D80E-4112-96D0-D6F7CC5F00FD}.Release|Any CPU.Build.0 = Release
		{C3D66C6E-D80E-4112-96D0-D6F7CC5F00FD}.Staging|Any CPU.ActiveCfg = Release
		{C3D66C6E-D80E-4112-96D0-D6F7CC5F00FD}.Staging|Any CPU.Build.0 = Release
	EndGlobalSection
	GlobalSection(SolutionProperties) = preSolution
		HideSolutionNode = FALSE
	EndGlobalSection
	GlobalSection(ExtensibilityGlobals) = postSolution
		SolutionGuid = {F4E64242-6474-4512-BEF8-A640C8EEBECF}
	EndGlobalSection
EndGlobal
